
Microsoft Visual Studio Solution File, Format Version 12.00
# Visual Studio Version 16
VisualStudioVersion = 16.0.30804.86
MinimumVisualStudioVersion = 10.0.40219.1
Project("{FAE04EC0-301F-11D3-BF4B-00C04F79EFBC}") = "Service.SomeLogic", "src\Service.SomeLogic\Service.SomeLogic.csproj", "{740DF849-06AA-448E-8B09-91ECA236A051}"
EndProject
Project("{FAE04EC0-301F-11D3-BF4B-00C04F79EFBC}") = "TestApp", "test\TestApp\TestApp.csproj", "{58D3C5BA-5D1D-48BA-9D51-482831254985}"
EndProject
Project("{FAE04EC0-301F-11D3-BF4B-00C04F79EFBC}") = "Service.SomeLogic.Grpc", "src\Service.SomeLogic.Grpc\Service.SomeLogic.Grpc.csproj", "{A9A2F2A9-1B5B-40D1-8DD2-6C1D776FB6BC}"
EndProject
Project("{FAE04EC0-301F-11D3-BF4B-00C04F79EFBC}") = "Service.SomeLogic.Domain.Models", "src\Service.SomeLogic.Domain.Models\Service.SomeLogic.Domain.Models.csproj", "{5FAB1BBA-DE6F-4189-8CF0-D4D77D9C660B}"
EndProject
Project("{2150E333-8FDC-42A3-9474-1A3956D46DE8}") = "01. Domain", "01. Domain", "{446301A0-97F2-4921-BA0B-32B76039C73B}"
EndProject
Project("{2150E333-8FDC-42A3-9474-1A3956D46DE8}") = "10. Test", "10. Test", "{D11EB899-A148-4C9B-B340-B907EF71C4A2}"
EndProject
Project("{FAE04EC0-301F-11D3-BF4B-00C04F79EFBC}") = "Service.SomeLogic.Client", "src\Service.SomeLogic.Client\Service.SomeLogic.Client.csproj", "{B64315EC-2356-4586-8A89-111D88A942B8}"
EndProject
Project("{2150E333-8FDC-42A3-9474-1A3956D46DE8}") = "05. Client", "05. Client", "{EB832FF1-4E01-40ED-BAC4-5ECF70F5C108}"
EndProject
Global
	GlobalSection(SolutionConfigurationPlatforms) = preSolution
		Debug|Any CPU = Debug|Any CPU
		Release|Any CPU = Release|Any CPU
	EndGlobalSection
	GlobalSection(ProjectConfigurationPlatforms) = postSolution
		{740DF849-06AA-448E-8B09-91ECA236A051}.Debug|Any CPU.ActiveCfg = Debug|Any CPU
		{740DF849-06AA-448E-8B09-91ECA236A051}.Debug|Any CPU.Build.0 = Debug|Any CPU
		{740DF849-06AA-448E-8B09-91ECA236A051}.Release|Any CPU.ActiveCfg = Release|Any CPU
		{740DF849-06AA-448E-8B09-91ECA236A051}.Release|Any CPU.Build.0 = Release|Any CPU
		{58D3C5BA-5D1D-48BA-9D51-482831254985}.Debug|Any CPU.ActiveCfg = Debug|Any CPU
		{58D3C5BA-5D1D-48BA-9D51-482831254985}.Debug|Any CPU.Build.0 = Debug|Any CPU
		{58D3C5BA-5D1D-48BA-9D51-482831254985}.Release|Any CPU.ActiveCfg = Release|Any CPU
		{58D3C5BA-5D1D-48BA-9D51-482831254985}.Release|Any CPU.Build.0 = Release|Any CPU
		{A9A2F2A9-1B5B-40D1-8DD2-6C1D776FB6BC}.Debug|Any CPU.ActiveCfg = Debug|Any CPU
		{A9A2F2A9-1B5B-40D1-8DD2-6C1D776FB6BC}.Debug|Any CPU.Build.0 = Debug|Any CPU
		{A9A2F2A9-1B5B-40D1-8DD2-6C1D776FB6BC}.Release|Any CPU.ActiveCfg = Release|Any CPU
		{A9A2F2A9-1B5B-40D1-8DD2-6C1D776FB6BC}.Release|Any CPU.Build.0 = Release|Any CPU
		{5FAB1BBA-DE6F-4189-8CF0-D4D77D9C660B}.Debug|Any CPU.ActiveCfg = Debug|Any CPU
		{5FAB1BBA-DE6F-4189-8CF0-D4D77D9C660B}.Debug|Any CPU.Build.0 = Debug|Any CPU
		{5FAB1BBA-DE6F-4189-8CF0-D4D77D9C660B}.Release|Any CPU.ActiveCfg = Release|Any CPU
		{5FAB1BBA-DE6F-4189-8CF0-D4D77D9C660B}.Release|Any CPU.Build.0 = Release|Any CPU
		{B64315EC-2356-4586-8A89-111D88A942B8}.Debug|Any CPU.ActiveCfg = Debug|Any CPU
		{B64315EC-2356-4586-8A89-111D88A942B8}.Debug|Any CPU.Build.0 = Debug|Any CPU
		{B64315EC-2356-4586-8A89-111D88A942B8}.Release|Any CPU.ActiveCfg = Release|Any CPU
		{B64315EC-2356-4586-8A89-111D88A942B8}.Release|Any CPU.Build.0 = Release|Any CPU
	EndGlobalSection
	GlobalSection(SolutionProperties) = preSolution
		HideSolutionNode = FALSE
	EndGlobalSection
	GlobalSection(NestedProjects) = preSolution
		{58D3C5BA-5D1D-48BA-9D51-482831254985} = {D11EB899-A148-4C9B-B340-B907EF71C4A2}
		{A9A2F2A9-1B5B-40D1-8DD2-6C1D776FB6BC} = {446301A0-97F2-4921-BA0B-32B76039C73B}
		{5FAB1BBA-DE6F-4189-8CF0-D4D77D9C660B} = {446301A0-97F2-4921-BA0B-32B76039C73B}
		{B64315EC-2356-4586-8A89-111D88A942B8} = {EB832FF1-4E01-40ED-BAC4-5ECF70F5C108}
	EndGlobalSection
	GlobalSection(ExtensibilityGlobals) = postSolution
		SolutionGuid = {6BF00C9D-AD55-40F2-8FE3-E5C3559B3E26}
	EndGlobalSection
EndGlobal
